# THIS IS AN AUTOGENERATED FILE. DO NOT EDIT THIS FILE DIRECTLY.
# yarn lockfile v1


"@babel/generator@^7.28.6":
  version "7.29.1"
  resolved "https://registry.npmjs.org/@babel/generator/-/generator-7.29.1.tgz"
  integrity sha512-qsaF+9Qcm2Qv8SRIMMscAvG4O3lJ0F1GuMo5HR/Bp02LopNgnZBC/EkbevHFeGs4ls/oPz9v+Bsmzbkbe+0dUw==
  dependencies:
    "@babel/parser" "^7.29.0"
    "@babel/types" "^7.29.0"
    "@jridgewell/gen-mapping" "^0.3.12"
    "@jridgewell/trace-mapping" "^0.3.28"
    jsesc "^3.0.2"

"@babel/helper-string-parser@^7.27.1":
  version "7.27.1"
  resolved "https://registry.npmjs.org/@babel/helper-string-parser/-/helper-string-parser-7.27.1.tgz"
  integrity sha512-qMlSxKbpRlAridDExk92nSobyDdpPijUq2DW6oDnUqd0iOGxmQjyqhMIihI9+zv4LPyZdRje2cavWPbCbWm3eA==

"@babel/helper-validator-identifier@^7.28.5":
  version "7.28.5"
  resolved "https://registry.npmjs.org/@babel/helper-validator-identifier/-/helper-validator-identifier-7.28.5.tgz"
  integrity sha512-qSs4ifwzKJSV39ucNjsvc6WVHs6b7S03sOh2OcHF9UHfVPqWWALUsNUVzhSBiItjRZoLHx7nIarVjqKVusUZ1Q==

"@babel/parser@^7.28.4", "@babel/parser@^7.28.5", "@babel/parser@^7.29.0", "@babel/parser@^7.29.3":
  version "7.29.3"
  resolved "https://registry.npmjs.org/@babel/parser/-/parser-7.29.3.tgz"
  integrity sha512-b3ctpQwp+PROvU/cttc4OYl4MzfJUWy6FZg+PMXfzmt/+39iHVF0sDfqay8TQM3JA2EUOyKcFZt75jWriQijsA==
  dependencies:
    "@babel/types" "^7.29.0"

"@babel/types@^7.29.0":
  version "7.29.0"
  resolved "https://registry.npmjs.org/@babel/types/-/types-7.29.0.tgz"
  integrity sha512-LwdZHpScM4Qz8Xw2iKSzS+cfglZzJGvofQICy7W7v4caru4EaAmyUuO6BGrbyQ2mYV11W0U8j5mBhd14dd3B0A==
  dependencies:
    "@babel/helper-string-parser" "^7.27.1"
    "@babel/helper-validator-identifier" "^7.28.5"

"@devframes/hub@^0.5.4":
  version "0.5.4"
  resolved "https://registry.npmjs.org/@devframes/hub/-/hub-0.5.4.tgz"
  integrity sha512-NZs5RFuNb6tjQd2JBsRYQT+OqE+z16Kg9/72HG4k+uJdzK90sAGtAjOwK8bsvav/9l85KGx4agfkgxnfbl313w==
  dependencies:
    birpc "^4.0.0"
    nostics "^0.2.0"
    pathe "^2.0.3"
    perfect-debounce "^2.1.0"
    tinyexec "^1.2.2"

"@emnapi/core@^1.7.1":
  version "1.10.0"
  resolved "https://registry.npmjs.org/@emnapi/core/-/core-1.10.0.tgz"
  integrity sha512-yq6OkJ4p82CAfPl0u9mQebQHKPJkY7WrIuk205cTYnYe+k2Z8YBh11FrbRG/H6ihirqcacOgl2BIO8oyMQLeXw==
  dependencies:
    "@emnapi/wasi-threads" "1.2.1"
    tslib "^2.4.0"

"@emnapi/runtime@^1.11.1", "@emnapi/runtime@^1.7.1":
  version "1.11.1"
  resolved "https://registry.npmjs.org/@emnapi/runtime/-/runtime-1.11.1.tgz"
  integrity sha512-vgj7R3y3Wgx24IQaGPA/R6YFXLHVMOZ0uVEyIQPaWs+rd1AzfEMXlAC22FYwO1XkKR6NPsq7mUandH8oIRdZFw==
  dependencies:
    tslib "^2.4.0"

"@emnapi/wasi-threads@1.2.1":
  version "1.2.1"
  resolved "https://registry.npmjs.org/@emnapi/wasi-threads/-/wasi-threads-1.2.1.tgz"
  integrity sha512-uTII7OYF+/Mes/MrcIOYp5yOtSMLBWSIoLPpcgwipoiKbli6k322tcoFsxoIIxPDqW01SQGAgko4EzZi2BNv2w==
  dependencies:
    tslib "^2.4.0"

"@esbuild/darwin-arm64@0.27.7":
  version "0.27.7"
  resolved "https://registry.npmjs.org/@esbuild/darwin-arm64/-/darwin-arm64-0.27.7.tgz"
  integrity sha512-5lckdqeuBPlKUwvoCXIgI2D9/ABmPq3Rdp7IfL70393YgaASt7tbju3Ac+ePVi3KDH6N2RqePfHnXkaDtY9fkw==

"@fontsource/mulish@^5.2.8":
  version "5.2.8"
  resolved "https://registry.npmjs.org/@fontsource/mulish/-/mulish-5.2.8.tgz"
  integrity sha512-pAqO7fkpGHd0Zjr5ieiWrr9kJiZWbaADaZWOlMERTsSqNsRUsg5y0jv4n6/VjWhd4LUfkYpiQBhP0yLDpbPNiw==

"@img/colour@^1.1.0":
  version "1.1.0"
  resolved "https://registry.npmjs.org/@img/colour/-/colour-1.1.0.tgz"
  integrity sha512-Td76q7j57o/tLVdgS746cYARfSyxk8iEfRxewL9h4OMzYhbW4TAcppl0mT4eyqXddh6L/jwoM75mo7ixa/pCeQ==

"@img/sharp-darwin-arm64@0.35.2":
  version "0.35.2"
  resolved "https://registry.npmjs.org/@img/sharp-darwin-arm64/-/sharp-darwin-arm64-0.35.2.tgz"
  integrity sha512-eEieHsMksAW4IiO5NzauESRl2D2qz3J/kwUxUrSfV06A93eEaRfMpHXyUb1mAqrR7i8U9A0GRqE9pjn6u1Jjpg==
  optionalDependencies:
    "@img/sharp-libvips-darwin-arm64" "1.3.1"

"@img/sharp-libvips-darwin-arm64@1.3.1":
  version "1.3.1"
  resolved "https://registry.npmjs.org/@img/sharp-libvips-darwin-arm64/-/sharp-libvips-darwin-arm64-1.3.1.tgz"
  integrity sha512-4V/M3roRMTYjiwZY9IOVQOE8OyeCxFAkYmyZDrZl51uOKjibm3oeEJ4WAmLxutAfzFbC9jqUiPs2gbnGflH+7g==

"@intlify/core-base@11.4.6":
  version "11.4.6"
  resolved "https://registry.npmjs.org/@intlify/core-base/-/core-base-11.4.6.tgz"
  integrity sha512-EOeHO95XESK9IFHgHeZXunsM/WBAoCA0DlaWODvx14vKmetAuS97t+l6Xe9hTUqntPpF93vtVSjjUDafw3wXMw==
  dependencies:
    "@intlify/devtools-types" "11.4.6"
    "@intlify/message-compiler" "11.4.6"
    "@intlify/shared" "11.4.6"

"@intlify/devtools-types@11.4.6":
  version "11.4.6"
  resolved "https://registry.npmjs.org/@intlify/devtools-types/-/devtools-types-11.4.6.tgz"
  integrity sha512-wowQPpNem56b2d43IJmqbrzG2FeBKe5f/kUGlpNuBmXs6OSqncF8m1+1lxHuW8ISZJF0ma2RkW3iLkw0g0G4VA==
  dependencies:
    "@intlify/core-base" "11.4.6"
    "@intlify/shared" "11.4.6"

"@intlify/message-compiler@11.4.6":
  version "11.4.6"
  resolved "https://registry.npmjs.org/@intlify/message-compiler/-/message-compiler-11.4.6.tgz"
  integrity sha512-5nj3jULqeTAC1WovwMs1LQWgatTa2pM/rXN9T3XW8rdOtXW9ZF6/GLSNFTKDQmPLwclhPdgUWLJ/4w3fMeeC/Q==
  dependencies:
    "@intlify/shared" "11.4.6"
    source-map-js "^1.0.2"

"@intlify/shared@11.4.6":
  version "11.4.6"
  resolved "https://registry.npmjs.org/@intlify/shared/-/shared-11.4.6.tgz"
  integrity sha512-m1p1HHAMLhqSpTRH7VnXdrN0CQ4y+9vunFkpLkbD8soIuBsnQdawZXqMCgvwI2UVF9Ww7sVaw7g9tV2VO7shoA==

"@jridgewell/gen-mapping@^0.3.12", "@jridgewell/gen-mapping@^0.3.5":
  version "0.3.13"
  resolved "https://registry.npmjs.org/@jridgewell/gen-mapping/-/gen-mapping-0.3.13.tgz"
  integrity sha512-2kkt/7niJ6MgEPxF0bYdQ6etZaA+fQvDcLKckhy1yIQOzaoKjBBjSj63/aLVjYE3qhRt5dvM+uUyfCg6UKCBbA==
  dependencies:
    "@jridgewell/sourcemap-codec" "^1.5.0"
    "@jridgewell/trace-mapping" "^0.3.24"

"@jridgewell/remapping@^2.3.5":
  version "2.3.5"
  resolved "https://registry.npmjs.org/@jridgewell/remapping/-/remapping-2.3.5.tgz"
  integrity sha512-LI9u/+laYG4Ds1TDKSJW2YPrIlcVYOwi2fUC6xB43lueCjgxV4lffOCZCtYFiH6TNOX+tQKXx97T4IKHbhyHEQ==
  dependencies:
    "@jridgewell/gen-mapping" "^0.3.5"
    "@jridgewell/trace-mapping" "^0.3.24"

"@jridgewell/resolve-uri@^3.1.0":
  version "3.1.2"
  resolved "https://registry.npmjs.org/@jridgewell/resolve-uri/-/resolve-uri-3.1.2.tgz"
  integrity sha512-bRISgCIjP20/tbWSPWMEi54QVPRZExkuD9lJL+UIxUKtwVJA8wW1Trb1jMs1RFXo1CBTNZ/5hpC9QvmKWdopKw==

"@jridgewell/sourcemap-codec@^1.4.14", "@jridgewell/sourcemap-codec@^1.5.0", "@jridgewell/sourcemap-codec@^1.5.5":
  version "1.5.5"
  resolved "https://registry.npmjs.org/@jridgewell/sourcemap-codec/-/sourcemap-codec-1.5.5.tgz"
  integrity sha512-cYQ9310grqxueWbl+WuIUIaiUaDcj7WOq5fVhEljNVgRfOUhY9fy2zTvfoqWsnebh8Sl70VScFbICvJnLKB0Og==

"@jridgewell/trace-mapping@^0.3.24", "@jridgewell/trace-mapping@^0.3.28":
  version "0.3.31"
  resolved "https://registry.npmjs.org/@jridgewell/trace-mapping/-/trace-mapping-0.3.31.tgz"
  integrity sha512-zzNR+SdQSDJzc8joaeP8QQoCQr8NuYx2dIIytl1QeBEZHJ9uW6hebsrYgbz8hJwUQao3TWCMtmfV8Nu1twOLAw==
  dependencies:
    "@jridgewell/resolve-uri" "^3.1.0"
    "@jridgewell/sourcemap-codec" "^1.4.14"

"@oxc-parser/binding-darwin-arm64@0.132.0":
  version "0.132.0"
  resolved "https://registry.npmjs.org/@oxc-parser/binding-darwin-arm64/-/binding-darwin-arm64-0.132.0.tgz"
  integrity sha512-Lc0f/TYoKBghE5/2Gsv7bLXk+TJZunx2Tf61X8hG4ARXdc8UYI26dCGccFSd1AyFbK3jfaNXtMnupggDbjPXdQ==

"@oxc-parser/binding-darwin-arm64@0.135.0":
  version "0.135.0"
  resolved "https://registry.npmjs.org/@oxc-parser/binding-darwin-arm64/-/binding-darwin-arm64-0.135.0.tgz"
  integrity sha512-BmKz3lHIsqVos+9aPcdYCT9MG3APoUyM43KlEFhJMWNVDOGG8FKyiFz81Bc+mGz2o0hpuQ3PfXLfVWJrKXjo2g==

"@oxc-project/types@^0.132.0":
  version "0.132.0"
  resolved "https://registry.npmjs.org/@oxc-project/types/-/types-0.132.0.tgz"
  integrity sha512-FESMOxil5Se014ui/Eq8fT5uHJo6nIRwH0PfJrZJXs6Gek3ZVFOrpUv3YIZT20m+extU98Hg1Ym72U58rlsxUQ==

"@oxc-project/types@^0.135.0":
  version "0.135.0"
  resolved "https://registry.npmjs.org/@oxc-project/types/-/types-0.135.0.tgz"
  integrity sha512-wR+xRdFkUBMvcAjBJ2q2kcZM6d+DKu2NgoOyxZgYwZdLhmiv6+rnO8PZ/P68kMiZtIKm+pW7zyEJ4kSOs0vo+Q==

"@parcel/watcher-darwin-arm64@2.5.6":
  version "2.5.6"
  resolved "https://registry.npmjs.org/@parcel/watcher-darwin-arm64/-/watcher-darwin-arm64-2.5.6.tgz"
  integrity sha512-Z2ZdrnwyXvvvdtRHLmM4knydIdU9adO3D4n/0cVipF3rRiwP+3/sfzpAwA/qKFL6i1ModaabkU7IbpeMBgiVEA==

"@parcel/watcher@^2.4.1":
  version "2.5.6"
  resolved "https://registry.npmjs.org/@parcel/watcher/-/watcher-2.5.6.tgz"
  integrity sha512-tmmZ3lQxAe/k/+rNnXQRawJ4NjxO2hqiOLTHvWchtGZULp4RyFeh6aU4XdOYBFe2KE1oShQTv4AblOs2iOrNnQ==
  dependencies:
    detect-libc "^2.0.3"
    is-glob "^4.0.3"
    node-addon-api "^7.0.0"
    picomatch "^4.0.3"
  optionalDependencies:
    "@parcel/watcher-android-arm64" "2.5.6"
    "@parcel/watcher-darwin-arm64" "2.5.6"
    "@parcel/watcher-darwin-x64" "2.5.6"
    "@parcel/watcher-freebsd-x64" "2.5.6"
    "@parcel/watcher-linux-arm-glibc" "2.5.6"
    "@parcel/watcher-linux-arm-musl" "2.5.6"
    "@parcel/watcher-linux-arm64-glibc" "2.5.6"
    "@parcel/watcher-linux-arm64-musl" "2.5.6"
    "@parcel/watcher-linux-x64-glibc" "2.5.6"
    "@parcel/watcher-linux-x64-musl" "2.5.6"
    "@parcel/watcher-win32-arm64" "2.5.6"
    "@parcel/watcher-win32-ia32" "2.5.6"
    "@parcel/watcher-win32-x64" "2.5.6"

"@rolldown/pluginutils@1.0.0-rc.13":
  version "1.0.0-rc.13"
  resolved "https://registry.npmjs.org/@rolldown/pluginutils/-/pluginutils-1.0.0-rc.13.tgz"
  integrity sha512-3ngTAv6F/Py35BsYbeeLeecvhMKdsKm4AoOETVhAA+Qc8nrA2I0kF7oa93mE9qnIurngOSpMnQ0x2nQY2FPviA==

"@rollup/rollup-darwin-arm64@4.62.2":
  version "4.62.2"
  resolved "https://registry.npmjs.org/@rollup/rollup-darwin-arm64/-/rollup-darwin-arm64-4.62.2.tgz"
  integrity sha512-v39RCCvj4He82I9sFmk+M1VZ0PLM9sfsLVikjfx2hYBNALhrrOR2D3JjQA6AhlaSOgcR+RzrKY7e1+bT6SUO/A==

"@tybys/wasm-util@^0.10.2":
  version "0.10.2"
  resolved "https://registry.npmjs.org/@tybys/wasm-util/-/wasm-util-0.10.2.tgz"
  integrity sha512-RoBvJ2X0wuKlWFIjrwffGw1IqZHKQqzIchKaadZZfnNpsAYp2mM0h36JtPCjNDAHGgYez/15uMBpfGwchhiMgg==
  dependencies:
    tslib "^2.4.0"

"@types/estree@1.0.9":
  version "1.0.9"
  resolved "https://registry.npmjs.org/@types/estree/-/estree-1.0.9.tgz"
  integrity sha512-GhdPgy1el4/ImP05X05Uw4cw2/M93BCUmnEvWZNStlCzEKME4Fkk+YpoA5OiHNQmoS7Cafb8Xa3Pya8m1Qrzeg==

"@types/node@^20.19.0 || >=22.12.0", "@types/node@^24.12.3":
  version "24.12.3"
  resolved "https://registry.npmjs.org/@types/node/-/node-24.12.3.tgz"
  integrity sha512-8oljBDGun9cIsZRJR6fkihn0TSXJI0UDOOhncYaERq6M0JMDoPLxyscwruJcb4GKS6dvK/d8xebYBg27h/duaQ==
  dependencies:
    undici-types "~7.16.0"

"@unhead/bundler@3.1.4":
  version "3.1.4"
  resolved "https://registry.npmjs.org/@unhead/bundler/-/bundler-3.1.4.tgz"
  integrity sha512-frpo3wuXtR/eeI9PmyjNGb+AMFxY36v7vcHTt3yKoLDJVxnsfeYgRjk+F2AOIVLctr4uL5Uqrf21cLEWHkZkkg==
  dependencies:
    "@vitejs/devtools-kit" "^0.3.1"
    magic-string "^0.30.21"
    oxc-parser "^0.135.0"
    oxc-walker "^1.0.0"
    ufo "^1.6.4"
    unplugin "^3.0.0"

"@unhead/vue@^3.1.4":
  version "3.1.4"
  resolved "https://registry.npmjs.org/@unhead/vue/-/vue-3.1.4.tgz"
  integrity sha512-+QMRhzVtI3BjZSRtAQRnVuje0IP7zBdEfZfQt7C8OJhY0EiHCECEgxAEk+p7HJPYxQeToV0GYrnzzzIZEas99A==
  dependencies:
    "@unhead/bundler" "3.1.4"
    hookable "^6.1.1"
    unhead "3.1.4"
    unplugin "^3.0.0"

"@valibot/to-json-schema@^1.7.0":
  version "1.7.1"
  resolved "https://registry.npmjs.org/@valibot/to-json-schema/-/to-json-schema-1.7.1.tgz"
  integrity sha512-3qkmU6KXWh8GIThEAW3kuRHPQBMjWkKy+Ppz3WkUucx53DTpOa6siMn4xDGSOhlVyMrDaJTCTMLYPZVAIk1P0A==

"@vitejs/devtools-kit@^0.3.1":
  version "0.3.3"
  resolved "https://registry.npmjs.org/@vitejs/devtools-kit/-/devtools-kit-0.3.3.tgz"
  integrity sha512-noXyK0szYxh8ALsA7PIoFANOWx13K9NoMKqk3J1pCwGMdnhxWgSqtbhki+/REoK4itbxIFUfc0EwqsoZIKiqyg==
  dependencies:
    "@devframes/hub" "^0.5.4"
    birpc "^4.0.0"
    devframe "^0.5.4"
    mlly "^1.8.2"
    nostics "^0.3.0"
    pathe "^2.0.3"
    perfect-debounce "^2.1.0"
    tinyexec "^1.2.4"

"@vitejs/plugin-vue@^6.0.6":
  version "6.0.6"
  resolved "https://registry.npmjs.org/@vitejs/plugin-vue/-/plugin-vue-6.0.6.tgz"
  integrity sha512-u9HHgfrq3AjXlysn0eINFnWQOJQLO9WN6VprZ8FXl7A2bYisv3Hui9Ij+7QZ41F/WYWarHjwBbXtD7dKg3uxbg==
  dependencies:
    "@rolldown/pluginutils" "1.0.0-rc.13"

"@volar/language-core@2.4.28":
  version "2.4.28"
  resolved "https://registry.npmjs.org/@volar/language-core/-/language-core-2.4.28.tgz"
  integrity sha512-w4qhIJ8ZSitgLAkVay6AbcnC7gP3glYM3fYwKV3srj8m494E3xtrCv6E+bWviiK/8hs6e6t1ij1s2Endql7vzQ==
  dependencies:
    "@volar/source-map" "2.4.28"

"@volar/source-map@2.4.28":
  version "2.4.28"
  resolved "https://registry.npmjs.org/@volar/source-map/-/source-map-2.4.28.tgz"
  integrity sha512-yX2BDBqJkRXfKw8my8VarTyjv48QwxdJtvRgUpNE5erCsgEUdI2DsLbpa+rOQVAJYshY99szEcRDmyHbF10ggQ==

"@volar/typescript@2.4.28":
  version "2.4.28"
  resolved "https://registry.npmjs.org/@volar/typescript/-/typescript-2.4.28.tgz"
  integrity sha512-Ja6yvWrbis2QtN4ClAKreeUZPVYMARDYZl9LMEv1iQ1QdepB6wn0jTRxA9MftYmYa4DQ4k/DaSZpFPUfxl8giw==
  dependencies:
    "@volar/language-core" "2.4.28"
    path-browserify "^1.0.1"
    vscode-uri "^3.0.8"

"@vue-macros/common@^3.1.1":
  version "3.1.2"
  resolved "https://registry.npmjs.org/@vue-macros/common/-/common-3.1.2.tgz"
  integrity sha512-h9t4ArDdniO9ekYHAD95t9AZcAbb19lEGK+26iAjUODOIJKmObDNBSe4+6ELQAA3vtYiFPPBtHh7+cQCKi3Dng==
  dependencies:
    "@vue/compiler-sfc" "^3.5.22"
    ast-kit "^2.1.2"
    local-pkg "^1.1.2"
    magic-string-ast "^1.0.2"
    unplugin-utils "^0.3.0"

"@vue/compiler-core@3.5.34":
  version "3.5.34"
  resolved "https://registry.npmjs.org/@vue/compiler-core/-/compiler-core-3.5.34.tgz"
  integrity sha512-s9cLyK5mLcvZ4Agva5QgRsQyLKvts9WbU9DB6NqiZkkGEdwmcEiylj5Jbwkp680drF/NNCV8OlAJSe+yMLxaJw==
  dependencies:
    "@babel/parser" "^7.29.3"
    "@vue/shared" "3.5.34"
    entities "^7.0.1"
    estree-walker "^2.0.2"
    source-map-js "^1.2.1"

"@vue/compiler-dom@^3.5.0", "@vue/compiler-dom@3.5.34":
  version "3.5.34"
  resolved "https://registry.npmjs.org/@vue/compiler-dom/-/compiler-dom-3.5.34.tgz"
  integrity sha512-EbF/T++k0e2MMZlJsBhzK8Sgwt0HcIPOhzn1CTB/lv6sQcyk+OWf8YeiLxZp3ro7MbbLcAfAJ6sEvjFWuNgUCw==
  dependencies:
    "@vue/compiler-core" "3.5.34"
    "@vue/shared" "3.5.34"

"@vue/compiler-sfc@^3.5.17", "@vue/compiler-sfc@^3.5.22", "@vue/compiler-sfc@3.5.34":
  version "3.5.34"
  resolved "https://registry.npmjs.org/@vue/compiler-sfc/-/compiler-sfc-3.5.34.tgz"
  integrity sha512-D/ihr6uZeIt6r+pVZf46RWT1fAsLFMbUP7k8G1VkiiWexriED9GrX3echHd4Abbt17zjlfiFJ8z7a3BxZOPNjg==
  dependencies:
    "@babel/parser" "^7.29.3"
    "@vue/compiler-core" "3.5.34"
    "@vue/compiler-dom" "3.5.34"
    "@vue/compiler-ssr" "3.5.34"
    "@vue/shared" "3.5.34"
    estree-walker "^2.0.2"
    magic-string "^0.30.21"
    postcss "^8.5.14"
    source-map-js "^1.2.1"

"@vue/compiler-ssr@3.5.34":
  version "3.5.34"
  resolved "https://registry.npmjs.org/@vue/compiler-ssr/-/compiler-ssr-3.5.34.tgz"
  integrity sha512-cDtTHKibkThKGHH1SP+WdccquNRYQDFH6rRjQCqT9G2ltFAfoR5pUftpab/z+aM5mW9HLLVQW7hfKKQe/1GBeQ==
  dependencies:
    "@vue/compiler-dom" "3.5.34"
    "@vue/shared" "3.5.34"

"@vue/devtools-api@^6.5.0":
  version "6.6.4"
  resolved "https://registry.npmjs.org/@vue/devtools-api/-/devtools-api-6.6.4.tgz"
  integrity sha512-sGhTPMuXqZ1rVOk32RylztWkfXTRhuS7vgAKv0zjqk8gbsHkJ7xfFf+jbySxt7tWObEJwyKaHMikV/WGDiQm8g==

"@vue/devtools-api@^7.7.7":
  version "7.7.9"
  resolved "https://registry.npmjs.org/@vue/devtools-api/-/devtools-api-7.7.9.tgz"
  integrity sha512-kIE8wvwlcZ6TJTbNeU2HQNtaxLx3a84aotTITUuL/4bzfPxzajGBOoqjMhwZJ8L9qFYDU/lAYMEEm11dnZOD6g==
  dependencies:
    "@vue/devtools-kit" "^7.7.9"

"@vue/devtools-api@^8.0.6":
  version "8.1.2"
  resolved "https://registry.npmjs.org/@vue/devtools-api/-/devtools-api-8.1.2.tgz"
  integrity sha512-vA0O112YqyDuNA1s7Yb2gCgToQ/OxOWiFDO5ThLCcDy0ldHnSd1dUTaSYhOldbqoNgumE4dxtGAoAaSUKUD1Zg==
  dependencies:
    "@vue/devtools-kit" "^8.1.2"

"@vue/devtools-kit@^7.7.9":
  version "7.7.9"
  resolved "https://registry.npmjs.org/@vue/devtools-kit/-/devtools-kit-7.7.9.tgz"
  integrity sha512-PyQ6odHSgiDVd4hnTP+aDk2X4gl2HmLDfiyEnn3/oV+ckFDuswRs4IbBT7vacMuGdwY/XemxBoh302ctbsptuA==
  dependencies:
    "@vue/devtools-shared" "^7.7.9"
    birpc "^2.3.0"
    hookable "^5.5.3"
    mitt "^3.0.1"
    perfect-debounce "^1.0.0"
    speakingurl "^14.0.1"
    superjson "^2.2.2"

"@vue/devtools-kit@^8.1.2":
  version "8.1.2"
  resolved "https://registry.npmjs.org/@vue/devtools-kit/-/devtools-kit-8.1.2.tgz"
  integrity sha512-f75/upc+GCyjXErpgPGz4582ujS0L/adAltGy+tqXMGUJpgAcfGr6CxnnhpZY8BHuMYt6KpbF8uaFrrQG66rGQ==
  dependencies:
    "@vue/devtools-shared" "^8.1.2"
    birpc "^2.6.1"
    hookable "^5.5.3"
    perfect-debounce "^2.0.0"

"@vue/devtools-shared@^7.7.9":
  version "7.7.9"
  resolved "https://registry.npmjs.org/@vue/devtools-shared/-/devtools-shared-7.7.9.tgz"
  integrity sha512-iWAb0v2WYf0QWmxCGy0seZNDPdO3Sp5+u78ORnyeonS6MT4PC7VPrryX2BpMJrwlDeaZ6BD4vP4XKjK0SZqaeA==
  dependencies:
    rfdc "^1.4.1"

"@vue/devtools-shared@^8.1.2":
  version "8.1.2"
  resolved "https://registry.npmjs.org/@vue/devtools-shared/-/devtools-shared-8.1.2.tgz"
  integrity sha512-X9RyVFYAdkBe4IUf5v48TxBF/6QPmF8CmWrDAjXzfUHrgQ/HGfTC1A6TqgXqZ03ye66l3AD51BAGD69IvKM9sw==

"@vue/language-core@3.2.8":
  version "3.2.8"
  resolved "https://registry.npmjs.org/@vue/language-core/-/language-core-3.2.8.tgz"
  integrity sha512-9OiSPQFiAAWNVnXb0d2dcTmcKnFQamhuNES6ayyISrb/mwPWVgoGdAqSfCWqKhQpa3D5gDTcYD+w7ObiheZ81g==
  dependencies:
    "@volar/language-core" "2.4.28"
    "@vue/compiler-dom" "^3.5.0"
    "@vue/shared" "^3.5.0"
    alien-signals "^3.1.2"
    muggle-string "^0.4.1"
    path-browserify "^1.0.1"
    picomatch "^4.0.4"

"@vue/reactivity@3.5.34":
  version "3.5.34"
  resolved "https://registry.npmjs.org/@vue/reactivity/-/reactivity-3.5.34.tgz"
  integrity sha512-y9XDjCEuBp+98k+UL5dbYkh57AHU4o6cxZedOPXw3bmrZZYLQsVHguGurq7hVrPCSrQtrnz1f9dssyFr+dMXfQ==
  dependencies:
    "@vue/shared" "3.5.34"

"@vue/runtime-core@3.5.34":
  version "3.5.34"
  resolved "https://registry.npmjs.org/@vue/runtime-core/-/runtime-core-3.5.34.tgz"
  integrity sha512-mKeBYvu8tcMSLhypAHBmriUFfWXKTCF/23Z4jiCoYK3UtWepkliViNLuR90V9XOyD62mUxs9p1jsrpK3CCGIzw==
  dependencies:
    "@vue/reactivity" "3.5.34"
    "@vue/shared" "3.5.34"

"@vue/runtime-dom@3.5.34":
  version "3.5.34"
  resolved "https://registry.npmjs.org/@vue/runtime-dom/-/runtime-dom-3.5.34.tgz"
  integrity sha512-e8kZzERmCwUnBRVsgSQlAfrfU2rGoy0FFKPBXSlfEjc/O3KfA7QP0t1/2ZylrbchjmIKB4dPTd07A6WPr0eOrg==
  dependencies:
    "@vue/reactivity" "3.5.34"
    "@vue/runtime-core" "3.5.34"
    "@vue/shared" "3.5.34"
    csstype "^3.2.3"

"@vue/server-renderer@3.5.34":
  version "3.5.34"
  resolved "https://registry.npmjs.org/@vue/server-renderer/-/server-renderer-3.5.34.tgz"
  integrity sha512-nHxmJoTrKsmrkbILRhkC9gY1G3moZbJTqCzDd7DOOzG5KH9oeJ0Unqrff5f9v0pW//jES05ZkJcNtfE8JjOIew==
  dependencies:
    "@vue/compiler-ssr" "3.5.34"
    "@vue/shared" "3.5.34"

"@vue/shared@^3.5.0", "@vue/shared@3.5.34":
  version "3.5.34"
  resolved "https://registry.npmjs.org/@vue/shared/-/shared-3.5.34.tgz"
  integrity sha512-24uqU4OIiX29ryC3MeWid/Xf2fa2EFRUVLb77nRhk+UrTVrh/XiGtFAFmJBAtBRbjwNdsPRP+jj/OL27Eg1NDA==

"@vue/tsconfig@^0.9.1":
  version "0.9.1"
  resolved "https://registry.npmjs.org/@vue/tsconfig/-/tsconfig-0.9.1.tgz"
  integrity sha512-buvjm+9NzLCJL29KY1j1991YYJ5e6275OiK+G4jtmfIb+z4POywbdm0wXusT9adVWqe0xqg70TbI7+mRx4uU9w==

acorn@^8.16.0:
  version "8.16.0"
  resolved "https://registry.npmjs.org/acorn/-/acorn-8.16.0.tgz"
  integrity sha512-UVJyE9MttOsBQIDKw1skb9nAwQuR5wuGD3+82K6JgJlm/Y+KI92oNsMNGZCYdDsVtRHSak0pcV5Dno5+4jh9sw==

alien-signals@^3.1.2:
  version "3.1.2"
  resolved "https://registry.npmjs.org/alien-signals/-/alien-signals-3.1.2.tgz"
  integrity sha512-d9dYqZTS90WLiU0I5c6DHj/HcKkF8ZyGN3G5x8wSbslulz70KOxaqCT0hQCo9KOyhVqzqGojvNdJXoTumZOtcw==

ast-kit@^2.1.2, ast-kit@^2.1.3:
  version "2.2.0"
  resolved "https://registry.npmjs.org/ast-kit/-/ast-kit-2.2.0.tgz"
  integrity sha512-m1Q/RaVOnTp9JxPX+F+Zn7IcLYMzM8kZofDImfsKZd8MbR+ikdOzTeztStWqfrqIxZnYWryyI9ePm3NGjnZgGw==
  dependencies:
    "@babel/parser" "^7.28.5"
    pathe "^2.0.3"

ast-walker-scope@^0.8.3:
  version "0.8.3"
  resolved "https://registry.npmjs.org/ast-walker-scope/-/ast-walker-scope-0.8.3.tgz"
  integrity sha512-cbdCP0PGOBq0ASG+sjnKIoYkWMKhhz+F/h9pRexUdX2Hd38+WOlBkRKlqkGOSm0YQpcFMQBJeK4WspUAkwsEdg==
  dependencies:
    "@babel/parser" "^7.28.4"
    ast-kit "^2.1.3"

birpc@^2.3.0, birpc@^2.6.1:
  version "2.9.0"
  resolved "https://registry.npmjs.org/birpc/-/birpc-2.9.0.tgz"
  integrity sha512-KrayHS5pBi69Xi9JmvoqrIgYGDkD6mcSe/i6YKi3w5kekCLzrX4+nawcXqrj2tIp50Kw/mT/s3p+GVK0A0sKxw==

birpc@^4.0.0:
  version "4.0.0"
  resolved "https://registry.npmjs.org/birpc/-/birpc-4.0.0.tgz"
  integrity sha512-LShSxJP0KTmd101b6DRyGBj57LZxSDYWKitQNW/mi8GRMvZb078Uf9+pveax1DrVL89vm7mWe+TovdI/UDOuPw==

cac@^7.0.0:
  version "7.0.0"
  resolved "https://registry.npmjs.org/cac/-/cac-7.0.0.tgz"
  integrity sha512-tixWYgm5ZoOD+3g6UTea91eow5z6AAHaho3g0V9CNSNb45gM8SmflpAc+GRd1InC4AqN/07Unrgp56Y94N9hJQ==

chokidar@^4.0.0:
  version "4.0.3"
  resolved "https://registry.npmjs.org/chokidar/-/chokidar-4.0.3.tgz"
  integrity sha512-Qgzu8kfBvo+cA4962jnP1KkS6Dop5NS6g7R5LFYJr4b8Ub94PPQXUksCw9PvXoeXPRRddRNC5C1JQUR2SMGtnA==
  dependencies:
    readdirp "^4.0.1"

chokidar@^5.0.0:
  version "5.0.0"
  resolved "https://registry.npmjs.org/chokidar/-/chokidar-5.0.0.tgz"
  integrity sha512-TQMmc3w+5AxjpL8iIiwebF73dRDF4fBIieAqGn9RGCWaEVwQ6Fb2cGe31Yns0RRIzii5goJ1Y7xbMwo1TxMplw==
  dependencies:
    readdirp "^5.0.0"

confbox@^0.1.8:
  version "0.1.8"
  resolved "https://registry.npmjs.org/confbox/-/confbox-0.1.8.tgz"
  integrity sha512-RMtmw0iFkeR4YV+fUOSucriAQNb9g8zFR52MWCtl+cCZOFRNL6zeB395vPzFhEjjn4fMxXudmELnl/KF/WrK6w==

confbox@^0.2.4:
  version "0.2.4"
  resolved "https://registry.npmjs.org/confbox/-/confbox-0.2.4.tgz"
  integrity sha512-ysOGlgTFbN2/Y6Cg3Iye8YKulHw+R2fNXHrgSmXISQdMnomY6eNDprVdW9R5xBguEqI954+S6709UyiO7B+6OQ==

copy-anything@^4:
  version "4.0.5"
  resolved "https://registry.npmjs.org/copy-anything/-/copy-anything-4.0.5.tgz"
  integrity sha512-7Vv6asjS4gMOuILabD3l739tsaxFQmC+a7pLZm02zyvs8p977bL3zEgq3yDk5rn9B0PbYgIv++jmHcuUab4RhA==
  dependencies:
    is-what "^5.2.0"

csstype@^3.2.3:
  version "3.2.3"
  resolved "https://registry.npmjs.org/csstype/-/csstype-3.2.3.tgz"
  integrity sha512-z1HGKcYy2xA8AGQfwrn0PAy+PB7X/GSj3UVJW9qKyn43xWa+gl5nXmU4qqLMRzWVLFC8KusUX8T/0kCiOYpAIQ==

detect-libc@^2.0.3, detect-libc@^2.1.2:
  version "2.1.2"
  resolved "https://registry.npmjs.org/detect-libc/-/detect-libc-2.1.2.tgz"
  integrity sha512-Btj2BOOO83o3WyH59e8MgXsxEQVcarkUOpEYrubB0urwnN10yQ364rsiByU11nZlqWYZm05i/of7io4mzihBtQ==

devframe@^0.5.4, devframe@0.5.4:
  version "0.5.4"
  resolved "https://registry.npmjs.org/devframe/-/devframe-0.5.4.tgz"
  integrity sha512-dbHU/LuptR1aMXcizjHUeY3gu7qVaRQoFYqbbyyGuO6Y+avFA4uQtwinHtG1qa7lRel/7b8JrBDm0nbnxU3vqg==
  dependencies:
    "@valibot/to-json-schema" "^1.7.0"
    birpc "^4.0.0"
    cac "^7.0.0"
    h3 "2.0.1-rc.22"
    mrmime "^2.0.1"
    nostics "^0.2.0"
    pathe "^2.0.3"
    valibot "^1.4.1"
    ws "^8.21.0"

entities@^7.0.1:
  version "7.0.1"
  resolved "https://registry.npmjs.org/entities/-/entities-7.0.1.tgz"
  integrity sha512-TWrgLOFUQTH994YUyl1yT4uyavY5nNB5muff+RtWaqNVCAK408b5ZnnbNAUEWLTCpum9w6arT70i1XdQ4UeOPA==

esbuild@^0.27.0, esbuild@>=0.17.0:
  version "0.27.7"
  resolved "https://registry.npmjs.org/esbuild/-/esbuild-0.27.7.tgz"
  integrity sha512-IxpibTjyVnmrIQo5aqNpCgoACA/dTKLTlhMHihVHhdkxKyPO1uBBthumT0rdHmcsk9uMonIWS0m4FljWzILh3w==
  optionalDependencies:
    "@esbuild/aix-ppc64" "0.27.7"
    "@esbuild/android-arm" "0.27.7"
    "@esbuild/android-arm64" "0.27.7"
    "@esbuild/android-x64" "0.27.7"
    "@esbuild/darwin-arm64" "0.27.7"
    "@esbuild/darwin-x64" "0.27.7"
    "@esbuild/freebsd-arm64" "0.27.7"
    "@esbuild/freebsd-x64" "0.27.7"
    "@esbuild/linux-arm" "0.27.7"
    "@esbuild/linux-arm64" "0.27.7"
    "@esbuild/linux-ia32" "0.27.7"
    "@esbuild/linux-loong64" "0.27.7"
    "@esbuild/linux-mips64el" "0.27.7"
    "@esbuild/linux-ppc64" "0.27.7"
    "@esbuild/linux-riscv64" "0.27.7"
    "@esbuild/linux-s390x" "0.27.7"
    "@esbuild/linux-x64" "0.27.7"
    "@esbuild/netbsd-arm64" "0.27.7"
    "@esbuild/netbsd-x64" "0.27.7"
    "@esbuild/openbsd-arm64" "0.27.7"
    "@esbuild/openbsd-x64" "0.27.7"
    "@esbuild/openharmony-arm64" "0.27.7"
    "@esbuild/sunos-x64" "0.27.7"
    "@esbuild/win32-arm64" "0.27.7"
    "@esbuild/win32-ia32" "0.27.7"
    "@esbuild/win32-x64" "0.27.7"

estree-walker@^2.0.2:
  version "2.0.2"
  resolved "https://registry.npmjs.org/estree-walker/-/estree-walker-2.0.2.tgz"
  integrity sha512-Rfkk/Mp/DL7JVje3u18FxFujQlTNR2q6QfMSMB7AvCBx91NGj/ba3kCfza0f6dVDbw7YlRf/nDrn7pQrCCyQ/w==

exsolve@^1.0.8:
  version "1.0.8"
  resolved "https://registry.npmjs.org/exsolve/-/exsolve-1.0.8.tgz"
  integrity sha512-LmDxfWXwcTArk8fUEnOfSZpHOJ6zOMUJKOtFLFqJLoKJetuQG874Uc7/Kki7zFLzYybmZhp1M7+98pfMqeX8yA==

fdir@^6.5.0:
  version "6.5.0"
  resolved "https://registry.npmjs.org/fdir/-/fdir-6.5.0.tgz"
  integrity sha512-tIbYtZbucOs0BRGqPJkshJUYdL+SDH7dVM8gjy+ERp3WAUjLEFJE+02kanyHtwjWOnwrKYBiwAmM0p4kLJAnXg==

fsevents@~2.3.2, fsevents@~2.3.3:
  version "2.3.3"
  resolved "https://registry.npmjs.org/fsevents/-/fsevents-2.3.3.tgz"
  integrity sha512-5xoDfX+fL7faATnagmWPpbFtwh/R77WmMMqqHGS65C3vvB0YHrgF+B1YmZ3441tMj5n63k0212XNoJwzlhffQw==

h3@2.0.1-rc.22:
  version "2.0.1-rc.22"
  resolved "https://registry.npmjs.org/h3/-/h3-2.0.1-rc.22.tgz"
  integrity sha512-Esv0DMIuPkCTSWCA0vO73vcTqwzH1wjSrAO1TXNu/K3up1sZHa9EKMapbmxCDYBeymC3fVTk4qxp7ogQWQ+KgA==
  dependencies:
    rou3 "^0.8.1"
    srvx "^0.11.15"

hookable@^5.5.3:
  version "5.5.3"
  resolved "https://registry.npmjs.org/hookable/-/hookable-5.5.3.tgz"
  integrity sha512-Yc+BQe8SvoXH1643Qez1zqLRmbA5rCL+sSmk6TVos0LWVfNIB7PGncdlId77WzLGSIB5KaWgTaNTs2lNVEI6VQ==

hookable@^6.1.1:
  version "6.1.1"
  resolved "https://registry.npmjs.org/hookable/-/hookable-6.1.1.tgz"
  integrity sha512-U9LYDy1CwhMCnprUfeAZWZGByVbhd54hwepegYTK7Pi5NvqEj63ifz5z+xukznehT7i6NIZRu89Ay1AZmRsLEQ==

immutable@^5.1.5:
  version "5.1.5"
  resolved "https://registry.npmjs.org/immutable/-/immutable-5.1.5.tgz"
  integrity sha512-t7xcm2siw+hlUM68I+UEOK+z84RzmN59as9DZ7P1l0994DKUWV7UXBMQZVxaoMSRQ+PBZbHCOoBt7a2wxOMt+A==

is-extglob@^2.1.1:
  version "2.1.1"
  resolved "https://registry.npmjs.org/is-extglob/-/is-extglob-2.1.1.tgz"
  integrity sha512-SbKbANkN603Vi4jEZv49LeVJMn4yGwsbzZworEoyEiutsN3nJYdbO36zfhGJ6QEDpOZIFkDtnq5JRxmvl3jsoQ==

is-glob@^4.0.3:
  version "4.0.3"
  resolved "https://registry.npmjs.org/is-glob/-/is-glob-4.0.3.tgz"
  integrity sha512-xelSayHH36ZgE7ZWhli7pW34hNbNl8Ojv5KVmkJD4hBdD3th8Tfk9vYasLM+mXWOZhFkgZfxhLSnrwRr4elSSg==
  dependencies:
    is-extglob "^2.1.1"

is-what@^5.2.0:
  version "5.5.0"
  resolved "https://registry.npmjs.org/is-what/-/is-what-5.5.0.tgz"
  integrity sha512-oG7cgbmg5kLYae2N5IVd3jm2s+vldjxJzK1pcu9LfpGuQ93MQSzo0okvRna+7y5ifrD+20FE8FvjusyGaz14fw==

jsesc@^3.0.2:
  version "3.1.0"
  resolved "https://registry.npmjs.org/jsesc/-/jsesc-3.1.0.tgz"
  integrity sha512-/sM3dO2FOzXjKQhJuo0Q173wf2KOo8t4I8vHy6lF9poUp7bKT0/NHE8fPX23PwfhnykfqnC2xRxOnVw5XuGIaA==

json5@^2.2.3:
  version "2.2.3"
  resolved "https://registry.npmjs.org/json5/-/json5-2.2.3.tgz"
  integrity sha512-XmOWe7eyHYH14cLdVPoyg+GOH3rYX++KpzrylJwSW98t3Nk+U8XOl8FWKOgwtzdb8lXGf6zYwDUzeHMWfxasyg==

lightningcss-darwin-arm64@1.32.0:
  version "1.32.0"
  resolved "https://registry.npmjs.org/lightningcss-darwin-arm64/-/lightningcss-darwin-arm64-1.32.0.tgz"
  integrity sha512-RzeG9Ju5bag2Bv1/lwlVJvBE3q6TtXskdZLLCyfg5pt+HLz9BqlICO7LZM7VHNTTn/5PRhHFBSjk5lc4cmscPQ==

lightningcss@^1.21.0, lightningcss@>=1.20.0:
  version "1.32.0"
  resolved "https://registry.npmjs.org/lightningcss/-/lightningcss-1.32.0.tgz"
  integrity sha512-NXYBzinNrblfraPGyrbPoD19C1h9lfI/1mzgWYvXUTe414Gz/X1FD2XBZSZM7rRTrMA8JL3OtAaGifrIKhQ5yQ==
  dependencies:
    detect-libc "^2.0.3"
  optionalDependencies:
    lightningcss-android-arm64 "1.32.0"
    lightningcss-darwin-arm64 "1.32.0"
    lightningcss-darwin-x64 "1.32.0"
    lightningcss-freebsd-x64 "1.32.0"
    lightningcss-linux-arm-gnueabihf "1.32.0"
    lightningcss-linux-arm64-gnu "1.32.0"
    lightningcss-linux-arm64-musl "1.32.0"
    lightningcss-linux-x64-gnu "1.32.0"
    lightningcss-linux-x64-musl "1.32.0"
    lightningcss-win32-arm64-msvc "1.32.0"
    lightningcss-win32-x64-msvc "1.32.0"

local-pkg@^1.1.2:
  version "1.1.2"
  resolved "https://registry.npmjs.org/local-pkg/-/local-pkg-1.1.2.tgz"
  integrity sha512-arhlxbFRmoQHl33a0Zkle/YWlmNwoyt6QNZEIJcqNbdrsix5Lvc4HyyI3EnwxTYlZYc32EbYrQ8SzEZ7dqgg9A==
  dependencies:
    mlly "^1.7.4"
    pkg-types "^2.3.0"
    quansync "^0.2.11"

magic-regexp@^0.11.0:
  version "0.11.0"
  resolved "https://registry.npmjs.org/magic-regexp/-/magic-regexp-0.11.0.tgz"
  integrity sha512-LG77Z/gVnwz7oaDpD4heX6ryl+lcr4l1B2gnP4MMvt2pGhGC1Dfj7dl1pXpP4ih+VQFLuAadeKVa+lARAzfW+Q==
  dependencies:
    magic-string "^0.30.21"
    regexp-tree "^0.1.27"
    type-level-regexp "~0.1.17"
    unplugin "^3.0.0"

magic-string-ast@^1.0.2:
  version "1.0.3"
  resolved "https://registry.npmjs.org/magic-string-ast/-/magic-string-ast-1.0.3.tgz"
  integrity sha512-CvkkH1i81zl7mmb94DsRiFeG9V2fR2JeuK8yDgS8oiZSFa++wWLEgZ5ufEOyLHbvSbD1gTRKv9NdX69Rnvr9JA==
  dependencies:
    magic-string "^0.30.19"

magic-string@^0.30.19, magic-string@^0.30.21:
  version "0.30.21"
  resolved "https://registry.npmjs.org/magic-string/-/magic-string-0.30.21.tgz"
  integrity sha512-vd2F4YUyEXKGcLHoq+TEyCjxueSeHnFxyyjNp80yg0XV4vUhnDer/lvvlqM/arB5bXQN5K2/3oinyCRyx8T2CQ==
  dependencies:
    "@jridgewell/sourcemap-codec" "^1.5.5"

mitt@^3.0.1:
  version "3.0.1"
  resolved "https://registry.npmjs.org/mitt/-/mitt-3.0.1.tgz"
  integrity sha512-vKivATfr97l2/QBCYAkXYDbrIWPM2IIKEl7YPhjCvKlG3kE2gm+uBo6nEXK3M5/Ffh/FLpKExzOQ3JJoJGFKBw==

mlly@^1.7.4, mlly@^1.8.0, mlly@^1.8.2:
  version "1.8.2"
  resolved "https://registry.npmjs.org/mlly/-/mlly-1.8.2.tgz"
  integrity sha512-d+ObxMQFmbt10sretNDytwt85VrbkhhUA/JBGm1MPaWJ65Cl4wOgLaB1NYvJSZ0Ef03MMEU/0xpPMXUIQ29UfA==
  dependencies:
    acorn "^8.16.0"
    pathe "^2.0.3"
    pkg-types "^1.3.1"
    ufo "^1.6.3"

mrmime@^2.0.1:
  version "2.0.1"
  resolved "https://registry.npmjs.org/mrmime/-/mrmime-2.0.1.tgz"
  integrity sha512-Y3wQdFg2Va6etvQ5I82yUhGdsKrcYox6p7FfL1LbK2J4V01F9TGlepTIhnK24t7koZibmg82KGglhA1XK5IsLQ==

muggle-string@^0.4.1:
  version "0.4.1"
  resolved "https://registry.npmjs.org/muggle-string/-/muggle-string-0.4.1.tgz"
  integrity sha512-VNTrAak/KhO2i8dqqnqnAHOa3cYBwXEZe9h+D5h/1ZqFSTEFHdM65lR7RoIqq3tBBYavsOXV84NoHXZ0AkPyqQ==

nanoid@^3.3.11:
  version "3.3.12"
  resolved "https://registry.npmjs.org/nanoid/-/nanoid-3.3.12.tgz"
  integrity sha512-ZB9RH/39qpq5Vu6Y+NmUaFhQR6pp+M2Xt76XBnEwDaGcVAqhlvxrl3B2bKS5D3NH3QR76v3aSrKaF/Kiy7lEtQ==

node-addon-api@^7.0.0:
  version "7.1.1"
  resolved "https://registry.npmjs.org/node-addon-api/-/node-addon-api-7.1.1.tgz"
  integrity sha512-5m3bsyrjFWE1xf7nz7YXdN4udnVtXK6/Yfgn5qnahL6bCkf2yKt4k3nuTKAtT4r3IG8JNR2ncsIMdZuAzJjHQQ==

nostics@^0.2.0:
  version "0.2.0"
  resolved "https://registry.npmjs.org/nostics/-/nostics-0.2.0.tgz"
  integrity sha512-/WQpI46UMbqvy1okYb+V+9wW3J8/m6GJ33wm691n/tyi6YtJiZ6ssJjENAU7y4evfYrrgYN9HllKDzPvffil1w==
  dependencies:
    magic-string "^0.30.21"
    oxc-parser "^0.132.0"
    unplugin "^3.0.0"

nostics@^0.3.0:
  version "0.3.0"
  resolved "https://registry.npmjs.org/nostics/-/nostics-0.3.0.tgz"
  integrity sha512-tP0hvxK4n2hZO9kK5Az7dLXIFukANDpcdtMae3tvtyRQun48gZIBVyXCJc8zk+qsdOpY7ngashH0ivQGOGzmeg==
  dependencies:
    magic-string "^0.30.21"
    oxc-parser "^0.132.0"
    unplugin "^3.0.0"

oxc-parser@^0.132.0:
  version "0.132.0"
  resolved "https://registry.npmjs.org/oxc-parser/-/oxc-parser-0.132.0.tgz"
  integrity sha512-+0LAPHaqtfQlvWdpaAa09SmOaZZgP8C552xosEkGJ4+ruEwP1Vgx+sqBgcBCNfR6KDCmagGOZTde8wmAvcI/Hg==
  dependencies:
    "@oxc-project/types" "^0.132.0"
  optionalDependencies:
    "@oxc-parser/binding-android-arm-eabi" "0.132.0"
    "@oxc-parser/binding-android-arm64" "0.132.0"
    "@oxc-parser/binding-darwin-arm64" "0.132.0"
    "@oxc-parser/binding-darwin-x64" "0.132.0"
    "@oxc-parser/binding-freebsd-x64" "0.132.0"
    "@oxc-parser/binding-linux-arm-gnueabihf" "0.132.0"
    "@oxc-parser/binding-linux-arm-musleabihf" "0.132.0"
    "@oxc-parser/binding-linux-arm64-gnu" "0.132.0"
    "@oxc-parser/binding-linux-arm64-musl" "0.132.0"
    "@oxc-parser/binding-linux-ppc64-gnu" "0.132.0"
    "@oxc-parser/binding-linux-riscv64-gnu" "0.132.0"
    "@oxc-parser/binding-linux-riscv64-musl" "0.132.0"
    "@oxc-parser/binding-linux-s390x-gnu" "0.132.0"
    "@oxc-parser/binding-linux-x64-gnu" "0.132.0"
    "@oxc-parser/binding-linux-x64-musl" "0.132.0"
    "@oxc-parser/binding-openharmony-arm64" "0.132.0"
    "@oxc-parser/binding-wasm32-wasi" "0.132.0"
    "@oxc-parser/binding-win32-arm64-msvc" "0.132.0"
    "@oxc-parser/binding-win32-ia32-msvc" "0.132.0"
    "@oxc-parser/binding-win32-x64-msvc" "0.132.0"

oxc-parser@^0.135.0, oxc-parser@>=0.98.0:
  version "0.135.0"
  resolved "https://registry.npmjs.org/oxc-parser/-/oxc-parser-0.135.0.tgz"
  integrity sha512-/DaPStu0s2zzNSRRniKyTPM6Z/o+DapOp2JYNKDL8AsgaBGPK2IdZyB87SQjVH+xeQPz+Qr9mrjglfkYgtbVRA==
  dependencies:
    "@oxc-project/types" "^0.135.0"
  optionalDependencies:
    "@oxc-parser/binding-android-arm-eabi" "0.135.0"
    "@oxc-parser/binding-android-arm64" "0.135.0"
    "@oxc-parser/binding-darwin-arm64" "0.135.0"
    "@oxc-parser/binding-darwin-x64" "0.135.0"
    "@oxc-parser/binding-freebsd-x64" "0.135.0"
    "@oxc-parser/binding-linux-arm-gnueabihf" "0.135.0"
    "@oxc-parser/binding-linux-arm-musleabihf" "0.135.0"
    "@oxc-parser/binding-linux-arm64-gnu" "0.135.0"
    "@oxc-parser/binding-linux-arm64-musl" "0.135.0"
    "@oxc-parser/binding-linux-ppc64-gnu" "0.135.0"
    "@oxc-parser/binding-linux-riscv64-gnu" "0.135.0"
    "@oxc-parser/binding-linux-riscv64-musl" "0.135.0"
    "@oxc-parser/binding-linux-s390x-gnu" "0.135.0"
    "@oxc-parser/binding-linux-x64-gnu" "0.135.0"
    "@oxc-parser/binding-linux-x64-musl" "0.135.0"
    "@oxc-parser/binding-openharmony-arm64" "0.135.0"
    "@oxc-parser/binding-wasm32-wasi" "0.135.0"
    "@oxc-parser/binding-win32-arm64-msvc" "0.135.0"
    "@oxc-parser/binding-win32-ia32-msvc" "0.135.0"
    "@oxc-parser/binding-win32-x64-msvc" "0.135.0"

oxc-walker@^1.0.0:
  version "1.0.0"
  resolved "https://registry.npmjs.org/oxc-walker/-/oxc-walker-1.0.0.tgz"
  integrity sha512-eMsHflAGfOskpWxtp9xP/f5b96XLEU8ifTd2gOOCkdux9HMxKGy5S1ru0Gh1B3aPu+YbfmWUUVkcb7MrZz3XyQ==
  dependencies:
    magic-regexp "^0.11.0"

path-browserify@^1.0.1:
  version "1.0.1"
  resolved "https://registry.npmjs.org/path-browserify/-/path-browserify-1.0.1.tgz"
  integrity sha512-b7uo2UCUOYZcnF/3ID0lulOJi/bafxa1xPe7ZPsammBSpjSWQkjNxlt635YGS2MiR9GjvuXCtz2emr3jbsz98g==

pathe@^2.0.1, pathe@^2.0.3:
  version "2.0.3"
  resolved "https://registry.npmjs.org/pathe/-/pathe-2.0.3.tgz"
  integrity sha512-WUjGcAqP1gQacoQe+OBJsFA7Ld4DyXuUIjZ5cc75cLHvJ7dtNsTugphxIADwspS+AraAUePCKrSVtPLFj/F88w==

perfect-debounce@^1.0.0:
  version "1.0.0"
  resolved "https://registry.npmjs.org/perfect-debounce/-/perfect-debounce-1.0.0.tgz"
  integrity sha512-xCy9V055GLEqoFaHoC1SoLIaLmWctgCUaBaWxDZ7/Zx4CTyX7cJQLJOok/orfjZAh9kEYpjJa4d0KcJmCbctZA==

perfect-debounce@^2.0.0:
  version "2.1.0"
  resolved "https://registry.npmjs.org/perfect-debounce/-/perfect-debounce-2.1.0.tgz"
  integrity sha512-LjgdTytVFXeUgtHZr9WYViYSM/g8MkcTPYDlPa3cDqMirHjKiSZPYd6DoL7pK8AJQr+uWkQvCjHNdiMqsrJs+g==

perfect-debounce@^2.1.0:
  version "2.1.0"
  resolved "https://registry.npmjs.org/perfect-debounce/-/perfect-debounce-2.1.0.tgz"
  integrity sha512-LjgdTytVFXeUgtHZr9WYViYSM/g8MkcTPYDlPa3cDqMirHjKiSZPYd6DoL7pK8AJQr+uWkQvCjHNdiMqsrJs+g==

picocolors@^1.1.1:
  version "1.1.1"
  resolved "https://registry.npmjs.org/picocolors/-/picocolors-1.1.1.tgz"
  integrity sha512-xceH2snhtb5M9liqDsmEw56le376mTZkEX/jEb/RxNFyegNul7eNslCXP9FDj/Lcu0X8KEyMceP2ntpaHrDEVA==

"picomatch@^3 || ^4", picomatch@^4.0.3, picomatch@^4.0.4:
  version "4.0.4"
  resolved "https://registry.npmjs.org/picomatch/-/picomatch-4.0.4.tgz"
  integrity sha512-QP88BAKvMam/3NxH6vj2o21R6MjxZUAd6nlwAS/pnGvN9IVLocLHxGYIzFhg6fUQ+5th6P4dv4eW9jX3DSIj7A==

pinia@^3.0.4:
  version "3.0.4"
  resolved "https://registry.npmjs.org/pinia/-/pinia-3.0.4.tgz"
  integrity sha512-l7pqLUFTI/+ESXn6k3nu30ZIzW5E2WZF/LaHJEpoq6ElcLD+wduZoB2kBN19du6K/4FDpPMazY2wJr+IndBtQw==
  dependencies:
    "@vue/devtools-api" "^7.7.7"

pkg-types@^1.3.1:
  version "1.3.1"
  resolved "https://registry.npmjs.org/pkg-types/-/pkg-types-1.3.1.tgz"
  integrity sha512-/Jm5M4RvtBFVkKWRu2BLUTNP8/M2a+UwuAX+ae4770q1qVGtfjG+WTCupoZixokjmHiry8uI+dlY8KXYV5HVVQ==
  dependencies:
    confbox "^0.1.8"
    mlly "^1.7.4"
    pathe "^2.0.1"

pkg-types@^2.3.0:
  version "2.3.1"
  resolved "https://registry.npmjs.org/pkg-types/-/pkg-types-2.3.1.tgz"
  integrity sha512-y+ichcgc2LrADuhLNAx8DFjVfgz91pRxfZdI3UDhxHvcVEZsenLO+7XaU5vOp0u/7V/wZ+plyuQxtrDlZJ+yeg==
  dependencies:
    confbox "^0.2.4"
    exsolve "^1.0.8"
    pathe "^2.0.3"

postcss@^8.5.14, postcss@^8.5.6:
  version "8.5.14"
  resolved "https://registry.npmjs.org/postcss/-/postcss-8.5.14.tgz"
  integrity sha512-SoSL4+OSEtR99LHFZQiJLkT59C5B1amGO1NzTwj7TT1qCUgUO6hxOvzkOYxD+vMrXBM3XJIKzokoERdqQq/Zmg==
  dependencies:
    nanoid "^3.3.11"
    picocolors "^1.1.1"
    source-map-js "^1.2.1"

quansync@^0.2.11:
  version "0.2.11"
  resolved "https://registry.npmjs.org/quansync/-/quansync-0.2.11.tgz"
  integrity sha512-AifT7QEbW9Nri4tAwR5M/uzpBuqfZf+zwaEM/QkzEjj7NBuFD2rBuy0K3dE+8wltbezDV7JMA0WfnCPYRSYbXA==

readdirp@^4.0.1:
  version "4.1.2"
  resolved "https://registry.npmjs.org/readdirp/-/readdirp-4.1.2.tgz"
  integrity sha512-GDhwkLfywWL2s6vEjyhri+eXmfH6j1L7JE27WhqLeYzoh/A3DBaYGEj2H/HFZCn/kMfim73FXxEJTw06WtxQwg==

readdirp@^5.0.0:
  version "5.0.0"
  resolved "https://registry.npmjs.org/readdirp/-/readdirp-5.0.0.tgz"
  integrity sha512-9u/XQ1pvrQtYyMpZe7DXKv2p5CNvyVwzUB6uhLAnQwHMSgKMBR62lc7AHljaeteeHXn11XTAaLLUVZYVZyuRBQ==

regexp-tree@^0.1.27:
  version "0.1.27"
  resolved "https://registry.npmjs.org/regexp-tree/-/regexp-tree-0.1.27.tgz"
  integrity sha512-iETxpjK6YoRWJG5o6hXLwvjYAoW+FEZn9os0PD/b6AP6xQwsa/Y7lCVgIixBbUPMfhu+i2LtdeAqVTgGlQarfA==

rfdc@^1.4.1:
  version "1.4.1"
  resolved "https://registry.npmjs.org/rfdc/-/rfdc-1.4.1.tgz"
  integrity sha512-q1b3N5QkRUWUl7iyylaaj3kOpIT0N2i9MqIEQXP73GVsN9cw3fdx8X63cEmWhJGi2PPCF23Ijp7ktmd39rawIA==

rollup@^4.43.0:
  version "4.62.2"
  resolved "https://registry.npmjs.org/rollup/-/rollup-4.62.2.tgz"
  integrity sha512-RFnrW4lhXA3s3eqHDZvN654g8OTjzRfqpIRJYczCGB6HzphckVAi/Qh4tbPUbRuDi7s1Llv8g/NspLkttY3gTA==
  dependencies:
    "@types/estree" "1.0.9"
  optionalDependencies:
    "@rollup/rollup-android-arm-eabi" "4.62.2"
    "@rollup/rollup-android-arm64" "4.62.2"
    "@rollup/rollup-darwin-arm64" "4.62.2"
    "@rollup/rollup-darwin-x64" "4.62.2"
    "@rollup/rollup-freebsd-arm64" "4.62.2"
    "@rollup/rollup-freebsd-x64" "4.62.2"
    "@rollup/rollup-linux-arm-gnueabihf" "4.62.2"
    "@rollup/rollup-linux-arm-musleabihf" "4.62.2"
    "@rollup/rollup-linux-arm64-gnu" "4.62.2"
    "@rollup/rollup-linux-arm64-musl" "4.62.2"
    "@rollup/rollup-linux-loong64-gnu" "4.62.2"
    "@rollup/rollup-linux-loong64-musl" "4.62.2"
    "@rollup/rollup-linux-ppc64-gnu" "4.62.2"
    "@rollup/rollup-linux-ppc64-musl" "4.62.2"
    "@rollup/rollup-linux-riscv64-gnu" "4.62.2"
    "@rollup/rollup-linux-riscv64-musl" "4.62.2"
    "@rollup/rollup-linux-s390x-gnu" "4.62.2"
    "@rollup/rollup-linux-x64-gnu" "4.62.2"
    "@rollup/rollup-linux-x64-musl" "4.62.2"
    "@rollup/rollup-openbsd-x64" "4.62.2"
    "@rollup/rollup-openharmony-arm64" "4.62.2"
    "@rollup/rollup-win32-arm64-msvc" "4.62.2"
    "@rollup/rollup-win32-ia32-msvc" "4.62.2"
    "@rollup/rollup-win32-x64-gnu" "4.62.2"
    "@rollup/rollup-win32-x64-msvc" "4.62.2"
    fsevents "~2.3.2"

rou3@^0.8.1:
  version "0.8.1"
  resolved "https://registry.npmjs.org/rou3/-/rou3-0.8.1.tgz"
  integrity sha512-ePa+XGk00/3HuCqrEnK3LxJW7I0SdNg6EFzKUJG73hMAdDcOUC/i/aSz7LSDwLrGr33kal/rqOGydzwl6U7zBA==

sass@^1.70.0, sass@^1.99.0:
  version "1.99.0"
  resolved "https://registry.npmjs.org/sass/-/sass-1.99.0.tgz"
  integrity sha512-kgW13M54DUB7IsIRM5LvJkNlpH+WhMpooUcaWGFARkF1Tc82v9mIWkCbCYf+MBvpIUBSeSOTilpZjEPr2VYE6Q==
  dependencies:
    chokidar "^4.0.0"
    immutable "^5.1.5"
    source-map-js ">=0.6.2 <2.0.0"
  optionalDependencies:
    "@parcel/watcher" "^2.4.1"

scule@^1.3.0:
  version "1.3.0"
  resolved "https://registry.npmjs.org/scule/-/scule-1.3.0.tgz"
  integrity sha512-6FtHJEvt+pVMIB9IBY+IcCJ6Z5f1iQnytgyfKMhDKgmzYG+TeH/wx1y3l27rshSbLiSanrR9ffZDrEsmjlQF2g==

semver@^7.8.4:
  version "7.8.5"
  resolved "https://registry.npmjs.org/semver/-/semver-7.8.5.tgz"
  integrity sha512-Y7/KDsb8LjooZpwaqGyulO6DQlksgCncchHGk+sZIY4SBvUocMBEFH5Ur1fI4dV+Jvl0w6cjvucaIi40puRioA==

sharp@^0.35.2:
  version "0.35.2"
  resolved "https://registry.npmjs.org/sharp/-/sharp-0.35.2.tgz"
  integrity sha512-FVtFjtBCMiJS6yb5CX7Sop45WFMpeGw6oRKuJnXYgf/f1ms/D7LE/ZUSNxnW7rZ/dbslQWYkoqFHGPaDBtaK4w==
  dependencies:
    "@img/colour" "^1.1.0"
    detect-libc "^2.1.2"
    semver "^7.8.4"
  optionalDependencies:
    "@img/sharp-darwin-arm64" "0.35.2"
    "@img/sharp-darwin-x64" "0.35.2"
    "@img/sharp-freebsd-wasm32" "0.35.2"
    "@img/sharp-libvips-darwin-arm64" "1.3.1"
    "@img/sharp-libvips-darwin-x64" "1.3.1"
    "@img/sharp-libvips-linux-arm" "1.3.1"
    "@img/sharp-libvips-linux-arm64" "1.3.1"
    "@img/sharp-libvips-linux-ppc64" "1.3.1"
    "@img/sharp-libvips-linux-riscv64" "1.3.1"
    "@img/sharp-libvips-linux-s390x" "1.3.1"
    "@img/sharp-libvips-linux-x64" "1.3.1"
    "@img/sharp-libvips-linuxmusl-arm64" "1.3.1"
    "@img/sharp-libvips-linuxmusl-x64" "1.3.1"
    "@img/sharp-linux-arm" "0.35.2"
    "@img/sharp-linux-arm64" "0.35.2"
    "@img/sharp-linux-ppc64" "0.35.2"
    "@img/sharp-linux-riscv64" "0.35.2"
    "@img/sharp-linux-s390x" "0.35.2"
    "@img/sharp-linux-x64" "0.35.2"
    "@img/sharp-linuxmusl-arm64" "0.35.2"
    "@img/sharp-linuxmusl-x64" "0.35.2"
    "@img/sharp-webcontainers-wasm32" "0.35.2"
    "@img/sharp-win32-arm64" "0.35.2"
    "@img/sharp-win32-ia32" "0.35.2"
    "@img/sharp-win32-x64" "0.35.2"

source-map-js@^1.0.2, source-map-js@^1.2.1, "source-map-js@>=0.6.2 <2.0.0":
  version "1.2.1"
  resolved "https://registry.npmjs.org/source-map-js/-/source-map-js-1.2.1.tgz"
  integrity sha512-UXWMKhLOwVKb728IUtQPXxfYU+usdybtUrK/8uGE8CQMvrhOpwvzDBwj0QhSL7MQc7vIsISBG8VQ8+IDQxpfQA==

speakingurl@^14.0.1:
  version "14.0.1"
  resolved "https://registry.npmjs.org/speakingurl/-/speakingurl-14.0.1.tgz"
  integrity sha512-1POYv7uv2gXoyGFpBCmpDVSNV74IfsWlDW216UPjbWufNf+bSU6GdbDsxdcxtfwb4xlI3yxzOTKClUosxARYrQ==

srvx@^0.11.15:
  version "0.11.17"
  resolved "https://registry.npmjs.org/srvx/-/srvx-0.11.17.tgz"
  integrity sha512-43yM4luKfCJamyCMhrUeHUPOrf8TdZe7kN8s5zayZCH5OeprYqi49Aso5ZvHXR4aB+DHaRNO/diNFgZSMNG8Xw==

superjson@^2.2.2:
  version "2.2.6"
  resolved "https://registry.npmjs.org/superjson/-/superjson-2.2.6.tgz"
  integrity sha512-H+ue8Zo4vJmV2nRjpx86P35lzwDT3nItnIsocgumgr0hHMQ+ZGq5vrERg9kJBo5AWGmxZDhzDo+WVIJqkB0cGA==
  dependencies:
    copy-anything "^4"

tinyexec@^1.2.2, tinyexec@^1.2.4:
  version "1.2.4"
  resolved "https://registry.npmjs.org/tinyexec/-/tinyexec-1.2.4.tgz"
  integrity sha512-SHf/r48b7vOrjve9PxJo3MN5v5yuyjHvdUcrQffT3WXMUfnGmHDVbC4k3sHJaJTgZCwpUplIaAo5ANtMyp3YHg==

tinyglobby@^0.2.15:
  version "0.2.16"
  resolved "https://registry.npmjs.org/tinyglobby/-/tinyglobby-0.2.16.tgz"
  integrity sha512-pn99VhoACYR8nFHhxqix+uvsbXineAasWm5ojXoN8xEwK5Kd3/TrhNn1wByuD52UxWRLy8pu+kRMniEi6Eq9Zg==
  dependencies:
    fdir "^6.5.0"
    picomatch "^4.0.4"

tslib@^2.4.0:
  version "2.8.1"
  resolved "https://registry.npmjs.org/tslib/-/tslib-2.8.1.tgz"
  integrity sha512-oJFu94HQb+KVduSUQL7wnpmqnfmLsOA/nAh6b6EH0wCEoK0/mPeXU6c3wKDV83MkOuHPRHtSXKKU99IBazS/2w==

type-level-regexp@~0.1.17:
  version "0.1.17"
  resolved "https://registry.npmjs.org/type-level-regexp/-/type-level-regexp-0.1.17.tgz"
  integrity sha512-wTk4DH3cxwk196uGLK/E9pE45aLfeKJacKmcEgEOA/q5dnPGNxXt0cfYdFxb57L+sEpf1oJH4Dnx/pnRcku9jg==

typescript@*, "typescript@>= 5.8", typescript@>=4.5.0, typescript@>=5, typescript@>=5.0.0, typescript@~6.0.2:
  version "6.0.3"
  resolved "https://registry.npmjs.org/typescript/-/typescript-6.0.3.tgz"
  integrity sha512-y2TvuxSZPDyQakkFRPZHKFm+KKVqIisdg9/CZwm9ftvKXLP8NRWj38/ODjNbr43SsoXqNuAisEf1GdCxqWcdBw==

ufo@^1.6.3, ufo@^1.6.4:
  version "1.6.4"
  resolved "https://registry.npmjs.org/ufo/-/ufo-1.6.4.tgz"
  integrity sha512-JFNbkD1Svwe0KvGi8GOeLcP4kAWQ609twvCdcHxq1oSL8svv39ZuSvajcD8B+5D0eL4+s1Is2D/O6KN3qcTeRA==

undici-types@~7.16.0:
  version "7.16.0"
  resolved "https://registry.npmjs.org/undici-types/-/undici-types-7.16.0.tgz"
  integrity sha512-Zz+aZWSj8LE6zoxD+xrjh4VfkIG8Ya6LvYkZqtUQGJPZjYl53ypCaUwWqo7eI0x66KBGeRo+mlBEkMSeSZ38Nw==

unhead@^3.1.4, unhead@3.1.4:
  version "3.1.4"
  resolved "https://registry.npmjs.org/unhead/-/unhead-3.1.4.tgz"
  integrity sha512-Whwejfc9dHnzgRkYoOxmDc3wsGtBR+PhdKpVr2neLJmeFfz5RmvrnLK5ctixwJ6ttUBYucmeGWS+0j68I+9WeQ==
  dependencies:
    hookable "^6.1.1"
    unplugin "^3.0.0"

unplugin-utils@^0.3.0, unplugin-utils@^0.3.1:
  version "0.3.1"
  resolved "https://registry.npmjs.org/unplugin-utils/-/unplugin-utils-0.3.1.tgz"
  integrity sha512-5lWVjgi6vuHhJ526bI4nlCOmkCIF3nnfXkCMDeMJrtdvxTs6ZFCM8oNufGTsDbKv/tJ/xj8RpvXjRuPBZJuJog==
  dependencies:
    pathe "^2.0.3"
    picomatch "^4.0.3"

unplugin@^3.0.0:
  version "3.0.0"
  resolved "https://registry.npmjs.org/unplugin/-/unplugin-3.0.0.tgz"
  integrity sha512-0Mqk3AT2TZCXWKdcoaufeXNukv2mTrEZExeXlHIOZXdqYoHHr4n51pymnwV8x2BOVxwXbK2HLlI7usrqMpycdg==
  dependencies:
    "@jridgewell/remapping" "^2.3.5"
    picomatch "^4.0.3"
    webpack-virtual-modules "^0.6.2"

valibot@^1.4.0, valibot@^1.4.1:
  version "1.4.1"
  resolved "https://registry.npmjs.org/valibot/-/valibot-1.4.1.tgz"
  integrity sha512-klCmFTz2jeDluy9RwX+F884TCiogtdBJ/YaxSx1EOBYXa3NXNWj8kR1jjN8rzluwojJVWWaHJ4r1U5LfICnM3g==

vite@*, "vite@^5.0.0 || ^6.0.0 || ^7.0.0 || ^8.0.0", vite@^7.2.0, vite@>=6.4.2:
  version "7.3.5"
  resolved "https://registry.npmjs.org/vite/-/vite-7.3.5.tgz"
  integrity sha512-KuOaNhcnGFN2zIPGA7wRmzF+lJA1sea7rHq17aiJ++9lzY1WWG6Jpwqwe1KNbRVPIqHmr8GLYx7jbrQcN/7/ww==
  dependencies:
    esbuild "^0.27.0"
    fdir "^6.5.0"
    picomatch "^4.0.3"
    postcss "^8.5.6"
    rollup "^4.43.0"
    tinyglobby "^0.2.15"
  optionalDependencies:
    fsevents "~2.3.3"

vscode-uri@^3.0.8:
  version "3.1.0"
  resolved "https://registry.npmjs.org/vscode-uri/-/vscode-uri-3.1.0.tgz"
  integrity sha512-/BpdSx+yCQGnCvecbyXdxHDkuk55/G3xwnC0GqY4gmQ3j+A+g8kzzgB4Nk/SINjqn6+waqw3EgbVF2QKExkRxQ==

vue-i18n@^11.4.6:
  version "11.4.6"
  resolved "https://registry.npmjs.org/vue-i18n/-/vue-i18n-11.4.6.tgz"
  integrity sha512-l0gE7Rfy0phCa5ChKYkOq543Wgd39BCK6hkktfr1Ed4D99oRkgPK9ffShASZdeC8OJxGfdWmpYoAaAH6iLEuIg==
  dependencies:
    "@intlify/core-base" "11.4.6"
    "@intlify/devtools-types" "11.4.6"
    "@intlify/shared" "11.4.6"
    "@vue/devtools-api" "^6.5.0"

vue-router@^5.0.6:
  version "5.0.6"
  resolved "https://registry.npmjs.org/vue-router/-/vue-router-5.0.6.tgz"
  integrity sha512-9+kmUTGbKMyW9Asoy98IXXYIzrTMT7JDAdpDDeEkorHvybpUvBI2wsrSM5jFOXrFydpzRFJ9vAh+80DN2PGu9w==
  dependencies:
    "@babel/generator" "^7.28.6"
    "@vue-macros/common" "^3.1.1"
    "@vue/devtools-api" "^8.0.6"
    ast-walker-scope "^0.8.3"
    chokidar "^5.0.0"
    json5 "^2.2.3"
    local-pkg "^1.1.2"
    magic-string "^0.30.21"
    mlly "^1.8.0"
    muggle-string "^0.4.1"
    pathe "^2.0.3"
    picomatch "^4.0.3"
    scule "^1.3.0"
    tinyglobby "^0.2.15"
    unplugin "^3.0.0"
    unplugin-utils "^0.3.1"
    yaml "^2.8.2"

vue-tsc@^3.2.8:
  version "3.2.8"
  resolved "https://registry.npmjs.org/vue-tsc/-/vue-tsc-3.2.8.tgz"
  integrity sha512-27vTLJ6Q2370obOd0PFYoYoKnmXJ521uUIedrs3Zhhhg/8YG10VOCMmwt+JQslatpAMTDbnWiitLnoD5VlIvog==
  dependencies:
    "@volar/typescript" "2.4.28"
    "@vue/language-core" "3.2.8"

"vue@^2.7.0 || ^3.2.25", vue@^3.0.0, vue@^3.2.25, vue@^3.4.0, vue@^3.5.0, vue@^3.5.11, vue@^3.5.34, vue@>=3.5.18, vue@3.5.34:
  version "3.5.34"
  resolved "https://registry.npmjs.org/vue/-/vue-3.5.34.tgz"
  integrity sha512-WdLBG9gm02OgJIG9axd5Hpx0TFLdzVgfG2evFFu8Rur5O/IoGc5cMjnjh3tPL6GnRGsYvUhBSKVPYVcxRKpMCA==
  dependencies:
    "@vue/compiler-dom" "3.5.34"
    "@vue/compiler-sfc" "3.5.34"
    "@vue/runtime-dom" "3.5.34"
    "@vue/server-renderer" "3.5.34"
    "@vue/shared" "3.5.34"

webpack-virtual-modules@^0.6.2:
  version "0.6.2"
  resolved "https://registry.npmjs.org/webpack-virtual-modules/-/webpack-virtual-modules-0.6.2.tgz"
  integrity sha512-66/V2i5hQanC51vBQKPH4aI8NMAcBW59FVBs+rC7eGHupMyfn34q7rZIE+ETlJ+XTevqfUhVVBgSUNSW2flEUQ==

ws@^8.21.0:
  version "8.21.0"
  resolved "https://registry.npmjs.org/ws/-/ws-8.21.0.tgz"
  integrity sha512-Vsp28b7DRcimFQvrqu2Wek3z1iYxDCWqHYB8Qsnk/S4RfaCQzPGPyBNuVjJV3cd6UiKtUtp6sNM77gWvzcCH+g==

yaml@^2.4.2, yaml@^2.8.2:
  version "2.9.0"
  resolved "https://registry.npmjs.org/yaml/-/yaml-2.9.0.tgz"
  integrity sha512-2AvhNX3mb8zd6Zy7INTtSpl1F15HW6Wnqj0srWlkKLcpYl/gMIMJiyuGq2KeI2YFxUPjdlB+3Lc10seMLtL4cA==
